
Microsoft Visual Studio Solution File, Format Version 12.00
# Visual Studio Version 17
VisualStudioVersion = 17.0.32112.339
MinimumVisualStudioVersion = 10.0.40219.1
Project("{9A19103F-16F7-4668-BE54-9A1E7A4F7556}") = "MindBox Library", "MindBox Test Library\MindBox Library.csproj", "{57E903C0-B808-4D75-968E-658D7BB5AD77}"
EndProject
Project("{9A19103F-16F7-4668-BE54-9A1E7A4F7556}") = "Nunit Library Test", "Nunit Library Test\Nunit Library Test.csproj", "{762E2921-711B-43A1-81B5-605D027F3ED9}"
EndProject
Global
	GlobalSection(SolutionConfigurationPlatforms) = preSolution
		Debug|Any CPU = Debug|Any CPU
		Release|Any CPU = Release|Any CPU
	EndGlobalSection
	GlobalSection(ProjectConfigurationPlatforms) = postSolution
		{57E903C0-B808-4D75-968E-658D7BB5AD77}.Debug|Any CPU.ActiveCfg = Debug|Any CPU
		{57E903C0-B808-4D75-968E-658D7BB5AD77}.Debug|Any CPU.Build.0 = Debug|Any CPU
		{57E903C0-B808-4D75-968E-658D7BB5AD77}.Release|Any CPU.ActiveCfg = Release|Any CPU
		{57E903C0-B808-4D75-968E-658D7BB5AD77}.Release|Any CPU.Build.0 = Release|Any CPU
		{762E2921-711B-43A1-81B5-605D027F3ED9}.Debug|Any CPU.ActiveCfg = Debug|Any CPU
		{762E2921-711B-43A1-81B5-605D027F3ED9}.Debug|Any CPU.Build.0 = Debug|Any CPU
		{762E2921-711B-43A1-81B5-605D027F3ED9}.Release|Any CPU.ActiveCfg = Release|Any CPU
		{762E2921-711B-43A1-81B5-605D027F3ED9}.Release|Any CPU.Build.0 = Release|Any CPU
	EndGlobalSection
	GlobalSection(SolutionProperties) = preSolution
		HideSolutionNode = FALSE
	EndGlobalSection
	GlobalSection(ExtensibilityGlobals) = postSolution
		SolutionGuid = {3097D55F-8892-4953-B69F-5F1BA8C2D01E}
	EndGlobalSection
EndGlobal
